
Microsoft Visual Studio Solution File, Format Version 12.00
# Visual Studio Version 16
VisualStudioVersion = 16.0.31402.337
MinimumVisualStudioVersion = 10.0.40219.1
Project("{9A19103F-16F7-4668-BE54-9A1E7A4F7556}") = "AbstractFactoryPattern", "AbstractFactoryPattern.csproj", "{1D980381-69F8-4821-A73B-B2B53E2347DF}"
EndProject
Global
	GlobalSection(SolutionConfigurationPlatforms) = preSolution
		Debug|Any CPU = Debug|Any CPU
		Release|Any CPU = Release|Any CPU
	EndGlobalSection
	GlobalSection(ProjectConfigurationPlatforms) = postSolution
		{1D980381-69F8-4821-A73B-B2B53E2347DF}.Debug|Any CPU.ActiveCfg = Debug|Any CPU
		{1D980381-69F8-4821-A73B-B2B53E2347DF}.Debug|Any CPU.Build.0 = Debug|Any CPU
		{1D980381-69F8-4821-A73B-B2B53E2347DF}.Release|Any CPU.ActiveCfg = Release|Any CPU
		{1D980381-69F8-4821-A73B-B2B53E2347DF}.Release|Any CPU.Build.0 = Release|Any CPU
	EndGlobalSection
	GlobalSection(SolutionProperties) = preSolution
		HideSolutionNode = FALSE
	EndGlobalSection
	GlobalSection(ExtensibilityGlobals) = postSolution
		SolutionGuid = {4BCBC89D-494C-4BB7-8915-8B6E53CC481B}
	EndGlobalSection
EndGlobal
